
Microsoft Visual Studio Solution File, Format Version 12.00
# Visual Studio 15
VisualStudioVersion = 15.0.26124.0
MinimumVisualStudioVersion = 15.0.26124.0
Project("{FAE04EC0-301F-11D3-BF4B-00C04F79EFBC}") = "ResfulApi.Services", "ResfulApi.Services\ResfulApi.Services.csproj", "{15A4FC73-0EFC-4E36-8D9C-1C08A0CC5804}"
EndProject
Project("{FAE04EC0-301F-11D3-BF4B-00C04F79EFBC}") = "ResfulApi.test", "ResfulApi.test\ResfulApi.test.csproj", "{BB7FE9D8-4F6D-4E3F-9860-5247338FCD13}"
EndProject
Project("{FAE04EC0-301F-11D3-BF4B-00C04F79EFBC}") = "RestfulApi.Data", "RestfulApi.Data\RestfulApi.Data.csproj", "{C8379D6D-02DF-4E8A-860D-FC5B4FA84658}"
EndProject
Project("{FAE04EC0-301F-11D3-BF4B-00C04F79EFBC}") = "RestfulApi.web", "RestfulApi.web\RestfulApi.web.csproj", "{C25A4CD3-5481-4B22-9A14-C66DA0184043}"
EndProject
Global
	GlobalSection(SolutionConfigurationPlatforms) = preSolution
		Debug|Any CPU = Debug|Any CPU
		Debug|x64 = Debug|x64
		Debug|x86 = Debug|x86
		Release|Any CPU = Release|Any CPU
		Release|x64 = Release|x64
		Release|x86 = Release|x86
	EndGlobalSection
	GlobalSection(SolutionProperties) = preSolution
		HideSolutionNode = FALSE
	EndGlobalSection
	GlobalSection(ProjectConfigurationPlatforms) = postSolution
		{15A4FC73-0EFC-4E36-8D9C-1C08A0CC5804}.Debug|Any CPU.ActiveCfg = Debug|Any CPU
		{15A4FC73-0EFC-4E36-8D9C-1C08A0CC5804}.Debug|Any CPU.Build.0 = Debug|Any CPU
		{15A4FC73-0EFC-4E36-8D9C-1C08A0CC5804}.Debug|x64.ActiveCfg = Debug|Any CPU
		{15A4FC73-0EFC-4E36-8D9C-1C08A0CC5804}.Debug|x64.Build.0 = Debug|Any CPU
		{15A4FC73-0EFC-4E36-8D9C-1C08A0CC5804}.Debug|x86.ActiveCfg = Debug|Any CPU
		{15A4FC73-0EFC-4E36-8D9C-1C08A0CC5804}.Debug|x86.Build.0 = Debug|Any CPU
		{15A4FC73-0EFC-4E36-8D9C-1C08A0CC5804}.Release|Any CPU.ActiveCfg = Release|Any CPU
		{15A4FC73-0EFC-4E36-8D9C-1C08A0CC5804}.Release|Any CPU.Build.0 = Release|Any CPU
		{15A4FC73-0EFC-4E36-8D9C-1C08A0CC5804}.Release|x64.ActiveCfg = Release|Any CPU
		{15A4FC73-0EFC-4E36-8D9C-1C08A0CC5804}.Release|x64.Build.0 = Release|Any CPU
		{15A4FC73-0EFC-4E36-8D9C-1C08A0CC5804}.Release|x86.ActiveCfg = Release|Any CPU
		{15A4FC73-0EFC-4E36-8D9C-1C08A0CC5804}.Release|x86.Build.0 = Release|Any CPU
		{BB7FE9D8-4F6D-4E3F-9860-5247338FCD13}.Debug|Any CPU.ActiveCfg = Debug|Any CPU
		{BB7FE9D8-4F6D-4E3F-9860-5247338FCD13}.Debug|Any CPU.Build.0 = Debug|Any CPU
		{BB7FE9D8-4F6D-4E3F-9860-5247338FCD13}.Debug|x64.ActiveCfg = Debug|Any CPU
		{BB7FE9D8-4F6D-4E3F-9860-5247338FCD13}.Debug|x64.Build.0 = Debug|Any CPU
		{BB7FE9D8-4F6D-4E3F-9860-5247338FCD13}.Debug|x86.ActiveCfg = Debug|Any CPU
		{BB7FE9D8-4F6D-4E3F-9860-5247338FCD13}.Debug|x86.Build.0 = Debug|Any CPU
		{BB7FE9D8-4F6D-4E3F-9860-5247338FCD13}.Release|Any CPU.ActiveCfg = Release|Any CPU
		{BB7FE9D8-4F6D-4E3F-9860-5247338FCD13}.Release|Any CPU.Build.0 = Release|Any CPU
		{BB7FE9D8-4F6D-4E3F-9860-5247338FCD13}.Release|x64.ActiveCfg = Release|Any CPU
		{BB7FE9D8-4F6D-4E3F-9860-5247338FCD13}.Release|x64.Build.0 = Release|Any CPU
		{BB7FE9D8-4F6D-4E3F-9860-5247338FCD13}.Release|x86.ActiveCfg = Release|Any CPU
		{BB7FE9D8-4F6D-4E3F-9860-5247338FCD13}.Release|x86.Build.0 = Release|Any CPU
		{C8379D6D-02DF-4E8A-860D-FC5B4FA84658}.Debug|Any CPU.ActiveCfg = Debug|Any CPU
		{C8379D6D-02DF-4E8A-860D-FC5B4FA84658}.Debug|Any CPU.Build.0 = Debug|Any CPU
		{C8379D6D-02DF-4E8A-860D-FC5B4FA84658}.Debug|x64.ActiveCfg = Debug|Any CPU
		{C8379D6D-02DF-4E8A-860D-FC5B4FA84658}.Debug|x64.Build.0 = Debug|Any CPU
		{C8379D6D-02DF-4E8A-860D-FC5B4FA84658}.Debug|x86.ActiveCfg = Debug|Any CPU
		{C8379D6D-02DF-4E8A-860D-FC5B4FA84658}.Debug|x86.Build.0 = Debug|Any CPU
		{C8379D6D-02DF-4E8A-860D-FC5B4FA84658}.Release|Any CPU.ActiveCfg = Release|Any CPU
		{C8379D6D-02DF-4E8A-860D-FC5B4FA84658}.Release|Any CPU.Build.0 = Release|Any CPU
		{C8379D6D-02DF-4E8A-860D-FC5B4FA84658}.Release|x64.ActiveCfg = Release|Any CPU
		{C8379D6D-02DF-4E8A-860D-FC5B4FA84658}.Release|x64.Build.0 = Release|Any CPU
		{C8379D6D-02DF-4E8A-860D-FC5B4FA84658}.Release|x86.ActiveCfg = Release|Any CPU
		{C8379D6D-02DF-4E8A-860D-FC5B4FA84658}.Release|x86.Build.0 = Release|Any CPU
		{C25A4CD3-5481-4B22-9A14-C66DA0184043}.Debug|Any CPU.ActiveCfg = Debug|Any CPU
		{C25A4CD3-5481-4B22-9A14-C66DA0184043}.Debug|Any CPU.Build.0 = Debug|Any CPU
		{C25A4CD3-5481-4B22-9A14-C66DA0184043}.Debug|x64.ActiveCfg = Debug|Any CPU
		{C25A4CD3-5481-4B22-9A14-C66DA0184043}.Debug|x64.Build.0 = Debug|Any CPU
		{C25A4CD3-5481-4B22-9A14-C66DA0184043}.Debug|x86.ActiveCfg = Debug|Any CPU
		{C25A4CD3-5481-4B22-9A14-C66DA0184043}.Debug|x86.Build.0 = Debug|Any CPU
		{C25A4CD3-5481-4B22-9A14-C66DA0184043}.Release|Any CPU.ActiveCfg = Release|Any CPU
		{C25A4CD3-5481-4B22-9A14-C66DA0184043}.Release|Any CPU.Build.0 = Release|Any CPU
		{C25A4CD3-5481-4B22-9A14-C66DA0184043}.Release|x64.ActiveCfg = Release|Any CPU
		{C25A4CD3-5481-4B22-9A14-C66DA0184043}.Release|x64.Build.0 = Release|Any CPU
		{C25A4CD3-5481-4B22-9A14-C66DA0184043}.Release|x86.ActiveCfg = Release|Any CPU
		{C25A4CD3-5481-4B22-9A14-C66DA0184043}.Release|x86.Build.0 = Release|Any CPU
	EndGlobalSection
EndGlobal
